
Microsoft Visual Studio Solution File, Format Version 12.00
# Visual Studio 15
VisualStudioVersion = 15.0.27428.2015
MinimumVisualStudioVersion = 10.0.40219.1
Project("{FAE04EC0-301F-11D3-BF4B-00C04F79EFBC}") = "hello-world", "hello-world\hello-world.csproj", "{2C0A05DB-C197-4708-855F-A060770A9B3B}"
EndProject
Global
	GlobalSection(SolutionConfigurationPlatforms) = preSolution
		Debug|Any CPU = Debug|Any CPU
		Release|Any CPU = Release|Any CPU
	EndGlobalSection
	GlobalSection(ProjectConfigurationPlatforms) = postSolution
		{2C0A05DB-C197-4708-855F-A060770A9B3B}.Debug|Any CPU.ActiveCfg = Debug|Any CPU
		{2C0A05DB-C197-4708-855F-A060770A9B3B}.Debug|Any CPU.Build.0 = Debug|Any CPU
		{2C0A05DB-C197-4708-855F-A060770A9B3B}.Release|Any CPU.ActiveCfg = Release|Any CPU
		{2C0A05DB-C197-4708-855F-A060770A9B3B}.Release|Any CPU.Build.0 = Release|Any CPU
	EndGlobalSection
	GlobalSection(SolutionProperties) = preSolution
		HideSolutionNode = FALSE
	EndGlobalSection
	GlobalSection(ExtensibilityGlobals) = postSolution
		SolutionGuid = {8D346070-C57E-4FCF-9C67-A930041DAAA9}
	EndGlobalSection
EndGlobal
